{
  "name": "atom-cscope",
  "version": "1.0.1",
  "lockfileVersion": 1,
  "requires": true,
  "dependencies": {
    "@types/atom": {
      "version": "1.36.1",
      "resolved": "https://registry.npmjs.org/@types/atom/-/atom-1.36.1.tgz",
      "integrity": "sha512-MQ/zyNSTd+1Q1InztnMDWRKfk0bGs1Lah5ggT7JKOqGwEwCNxTXFDuF7WcmEo2sO4d2OzaypmG1AX13N8oyMJQ==",
      "requires": {
        "@types/node": "*"
      }
    },
    "@types/atom-keymap": {
      "version": "8.0.3",
      "resolved": "https://registry.npmjs.org/@types/atom-keymap/-/atom-keymap-8.0.3.tgz",
      "integrity": "sha512-LI3x2gVSJfABKzrlhXvbFgoEGEqmK6eWCDPyzBwAqO5z0SGOUGF7F1sFrBUJSlRfKjd/sKx0K26UXVPL726Bsg==",
      "requires": {
        "@types/event-kit": "*"
      }
    },
    "@types/event-kit": {
      "version": "2.4.0",
      "resolved": "https://registry.npmjs.org/@types/event-kit/-/event-kit-2.4.0.tgz",
      "integrity": "sha512-z8rC3bYgdkV+OEKr2aMcooY91e1uIwiWrjee05NR4tqG+jgPL/p8ZYkrtf+U91sTq2Z6pp2Ul9vGY3wYI1Lmuw=="
    },
    "@types/node": {
      "version": "12.0.2",
      "resolved": "https://registry.npmjs.org/@types/node/-/node-12.0.2.tgz",
      "integrity": "sha512-5tabW/i+9mhrfEOUcLDu2xBPsHJ+X5Orqy9FKpale3SjDA17j5AEpYq5vfy3oAeAHGcvANRCO3NV3d2D6q3NiA=="
    },
    "@types/ractive": {
      "version": "0.7.27",
      "resolved": "https://registry.npmjs.org/@types/ractive/-/ractive-0.7.27.tgz",
      "integrity": "sha1-3CtGLftuz0gFIVOfpDR9wkBSxx0="
    },
    "ractive": {
      "version": "0.8.14",
      "resolved": "https://registry.npmjs.org/ractive/-/ractive-0.8.14.tgz",
      "integrity": "sha1-O0eK4pQSI6lDPgR3qvVMnrnhh2U="
    },
    "tslib": {
      "version": "1.9.3",
      "resolved": "https://registry.npmjs.org/tslib/-/tslib-1.9.3.tgz",
      "integrity": "sha512-4krF8scpejhaOgqzBEcGM7yDIEfi0/8+8zDRZhNZZ2kjmHJ4hv3zCbQWxoJGz1iw5U0Jl0nma13xzHXcncMavQ=="
    },
    "typescript": {
      "version": "3.4.5",
      "resolved": "https://registry.npmjs.org/typescript/-/typescript-3.4.5.tgz",
      "integrity": "sha512-YycBxUb49UUhdNMU5aJ7z5Ej2XGmaIBL0x34vZ82fn3hGvD+bgrMrVDpatgz2f7YxUMJxMkbWxJZeAvDxVe7Vw=="
    }
  }
}
